{
  "name": "draco_decoder_js",
  "version": "1.0.0",
  "lockfileVersion": 3,
  "requires": true,
  "packages": {
    "": {
      "name": "draco_decoder_js",
      "version": "1.0.0",
      "license": "ISC",
      "dependencies": {
        "draco3d": "^1.5.7"
      }
    },
    "node_modules/draco3d": {
      "version": "1.5.7",
      "resolved": "https://registry.npmmirror.com/draco3d/-/draco3d-1.5.7.tgz",
      "integrity": "sha512-m6WCKt/erDXcw+70IJXnG7M3awwQPAsZvJGX5zY7beBqpELw6RDGkYVU0W43AFxye4pDZ5i2Lbyc/NNGqwjUVQ==",
      "license": "Apache-2.0"
    }
  }
}
